
Microsoft Visual Studio Solution File, Format Version 12.00
# Visual Studio Version 16
VisualStudioVersion = 16.0.30320.27
MinimumVisualStudioVersion = 10.0.40219.1
Project("{FAE04EC0-301F-11D3-BF4B-00C04F79EFBC}") = "googledriveclone", "googledriveclone.csproj", "{B5B1778F-9821-4D6F-9EE2-D35F34AF6EB6}"
EndProject
Global
	GlobalSection(SolutionConfigurationPlatforms) = preSolution
		Debug|Any CPU = Debug|Any CPU
		Release|Any CPU = Release|Any CPU
	EndGlobalSection
	GlobalSection(ProjectConfigurationPlatforms) = postSolution
		{B5B1778F-9821-4D6F-9EE2-D35F34AF6EB6}.Debug|Any CPU.ActiveCfg = Debug|Any CPU
		{B5B1778F-9821-4D6F-9EE2-D35F34AF6EB6}.Debug|Any CPU.Build.0 = Debug|Any CPU
		{B5B1778F-9821-4D6F-9EE2-D35F34AF6EB6}.Release|Any CPU.ActiveCfg = Release|Any CPU
		{B5B1778F-9821-4D6F-9EE2-D35F34AF6EB6}.Release|Any CPU.Build.0 = Release|Any CPU
	EndGlobalSection
	GlobalSection(SolutionProperties) = preSolution
		HideSolutionNode = FALSE
	EndGlobalSection
	GlobalSection(ExtensibilityGlobals) = postSolution
		SolutionGuid = {BBE9FF7C-19B7-49C6-83B4-BAF4E4E186AD}
	EndGlobalSection
EndGlobal
